{
  "lockfileVersion": 1,
  "workspaces": {
    "": {
      "devDependencies": {
        "@types/moo": "^0.5.10",
        "@types/node": "^24.3.0",
      },
    },
  },
  "packages": {
    "@types/moo": ["@types/moo@0.5.10", "", {}, "sha512-W6KzyZjXUYpwQfLK1O1UDzqcqYlul+lO7Bt71luyIIyNlOZwJaNeWWdqFs1C/f2hohZvUFHMk6oFNe9Rg48DbA=="],

    "@types/node": ["@types/node@24.3.0", "", { "dependencies": { "undici-types": "~7.10.0" } }, "sha512-aPTXCrfwnDLj4VvXrm+UUCQjNEvJgNA8s5F1cvwQU+3KNltTOkBm1j30uNLyqqPNe7gE3KFzImYoZEfLhp4Yow=="],

    "undici-types": ["undici-types@7.10.0", "", {}, "sha512-t5Fy/nfn+14LuOc2KNYg75vZqClpAiqscVvMygNnlsHBFpSXdJaYtXMcdNLpl/Qvc3P2cB3s6lOV51nqsFq4ag=="],
  }
}
